
Microsoft Visual Studio Solution File, Format Version 12.00
# Visual Studio 2013
VisualStudioVersion = 12.0.21005.1
MinimumVisualStudioVersion = 10.0.40219.1
Project("{FAE04EC0-301F-11D3-BF4B-00C04F79EFBC}") = "Chart", "Chart\Chart.csproj", "{79EEBFF0-9292-4E2B-A83C-2271D0C5008E}"
EndProject
Global
	GlobalSection(SolutionConfigurationPlatforms) = preSolution
		Debug|Any CPU = Debug|Any CPU
		Release|Any CPU = Release|Any CPU
	EndGlobalSection
	GlobalSection(ProjectConfigurationPlatforms) = postSolution
		{79EEBFF0-9292-4E2B-A83C-2271D0C5008E}.Debug|Any CPU.ActiveCfg = Debug|Any CPU
		{79EEBFF0-9292-4E2B-A83C-2271D0C5008E}.Debug|Any CPU.Build.0 = Debug|Any CPU
		{79EEBFF0-9292-4E2B-A83C-2271D0C5008E}.Release|Any CPU.ActiveCfg = Release|Any CPU
		{79EEBFF0-9292-4E2B-A83C-2271D0C5008E}.Release|Any CPU.Build.0 = Release|Any CPU
	EndGlobalSection
	GlobalSection(SolutionProperties) = preSolution
		HideSolutionNode = FALSE
	EndGlobalSection
EndGlobal
